
Microsoft Visual Studio Solution File, Format Version 12.00
# Visual Studio Version 17
VisualStudioVersion = 17.1.31911.260
MinimumVisualStudioVersion = 10.0.40219.1
Project("{9A19103F-16F7-4668-BE54-9A1E7A4F7556}") = "aspnetcore_basic", "aspnetcore_basic\aspnetcore_basic.csproj", "{61BCF63E-1406-4402-B714-ADD625BD7435}"
EndProject
Global
	GlobalSection(SolutionConfigurationPlatforms) = preSolution
		Debug|Any CPU = Debug|Any CPU
		Release|Any CPU = Release|Any CPU
	EndGlobalSection
	GlobalSection(ProjectConfigurationPlatforms) = postSolution
		{61BCF63E-1406-4402-B714-ADD625BD7435}.Debug|Any CPU.ActiveCfg = Debug|Any CPU
		{61BCF63E-1406-4402-B714-ADD625BD7435}.Debug|Any CPU.Build.0 = Debug|Any CPU
		{61BCF63E-1406-4402-B714-ADD625BD7435}.Release|Any CPU.ActiveCfg = Release|Any CPU
		{61BCF63E-1406-4402-B714-ADD625BD7435}.Release|Any CPU.Build.0 = Release|Any CPU
	EndGlobalSection
	GlobalSection(SolutionProperties) = preSolution
		HideSolutionNode = FALSE
	EndGlobalSection
	GlobalSection(ExtensibilityGlobals) = postSolution
		SolutionGuid = {FEEAB59F-A146-4194-AD95-D4A6495C2867}
	EndGlobalSection
EndGlobal
