
Microsoft Visual Studio Solution File, Format Version 12.00
# Visual Studio Version 16
VisualStudioVersion = 16.0.30225.117
MinimumVisualStudioVersion = 10.0.40219.1
Project("{9A19103F-16F7-4668-BE54-9A1E7A4F7556}") = "OvOv.ActionFilterDemo", "OvOv.ActionFilterDemo.csproj", "{BD61DB38-17B4-45A6-83F0-4017E6E0E187}"
EndProject
Global
	GlobalSection(SolutionConfigurationPlatforms) = preSolution
		Debug|Any CPU = Debug|Any CPU
		Release|Any CPU = Release|Any CPU
	EndGlobalSection
	GlobalSection(ProjectConfigurationPlatforms) = postSolution
		{BD61DB38-17B4-45A6-83F0-4017E6E0E187}.Debug|Any CPU.ActiveCfg = Debug|Any CPU
		{BD61DB38-17B4-45A6-83F0-4017E6E0E187}.Debug|Any CPU.Build.0 = Debug|Any CPU
		{BD61DB38-17B4-45A6-83F0-4017E6E0E187}.Release|Any CPU.ActiveCfg = Release|Any CPU
		{BD61DB38-17B4-45A6-83F0-4017E6E0E187}.Release|Any CPU.Build.0 = Release|Any CPU
	EndGlobalSection
	GlobalSection(SolutionProperties) = preSolution
		HideSolutionNode = FALSE
	EndGlobalSection
	GlobalSection(ExtensibilityGlobals) = postSolution
		SolutionGuid = {EAC83ECF-E1E2-47A1-988B-B842A842A3A1}
	EndGlobalSection
EndGlobal
