
Microsoft Visual Studio Solution File, Format Version 12.00
# Visual Studio Version 16
VisualStudioVersion = 16.0.29613.14
MinimumVisualStudioVersion = 10.0.40219.1
Project("{FAE04EC0-301F-11D3-BF4B-00C04F79EFBC}") = "Cap.FreeSql", "Cap.FreeSql\Cap.FreeSql.csproj", "{1C03CEB5-B682-4294-8141-402DC377D7FA}"
EndProject
Global
	GlobalSection(SolutionConfigurationPlatforms) = preSolution
		Debug|Any CPU = Debug|Any CPU
		Release|Any CPU = Release|Any CPU
	EndGlobalSection
	GlobalSection(ProjectConfigurationPlatforms) = postSolution
		{1C03CEB5-B682-4294-8141-402DC377D7FA}.Debug|Any CPU.ActiveCfg = Debug|Any CPU
		{1C03CEB5-B682-4294-8141-402DC377D7FA}.Debug|Any CPU.Build.0 = Debug|Any CPU
		{1C03CEB5-B682-4294-8141-402DC377D7FA}.Release|Any CPU.ActiveCfg = Release|Any CPU
		{1C03CEB5-B682-4294-8141-402DC377D7FA}.Release|Any CPU.Build.0 = Release|Any CPU
	EndGlobalSection
	GlobalSection(SolutionProperties) = preSolution
		HideSolutionNode = FALSE
	EndGlobalSection
	GlobalSection(ExtensibilityGlobals) = postSolution
		SolutionGuid = {94306824-1644-40E7-909A-5FE5872F482B}
	EndGlobalSection
EndGlobal
