
Microsoft Visual Studio Solution File, Format Version 12.00
# Visual Studio Version 16
VisualStudioVersion = 16.0.29519.87
MinimumVisualStudioVersion = 10.0.40219.1
Project("{9A19103F-16F7-4668-BE54-9A1E7A4F7556}") = "StopWords", "StopWords\StopWords.csproj", "{52A31937-B4AD-47DF-9F86-696288429645}"
EndProject
Global
	GlobalSection(SolutionConfigurationPlatforms) = preSolution
		Debug|Any CPU = Debug|Any CPU
		Release|Any CPU = Release|Any CPU
	EndGlobalSection
	GlobalSection(ProjectConfigurationPlatforms) = postSolution
		{52A31937-B4AD-47DF-9F86-696288429645}.Debug|Any CPU.ActiveCfg = Debug|Any CPU
		{52A31937-B4AD-47DF-9F86-696288429645}.Debug|Any CPU.Build.0 = Debug|Any CPU
		{52A31937-B4AD-47DF-9F86-696288429645}.Release|Any CPU.ActiveCfg = Release|Any CPU
		{52A31937-B4AD-47DF-9F86-696288429645}.Release|Any CPU.Build.0 = Release|Any CPU
	EndGlobalSection
	GlobalSection(SolutionProperties) = preSolution
		HideSolutionNode = FALSE
	EndGlobalSection
	GlobalSection(ExtensibilityGlobals) = postSolution
		SolutionGuid = {FBAFAB96-5FAA-4DCF-9BE7-8A08973DD2B8}
	EndGlobalSection
EndGlobal
