
Microsoft Visual Studio Solution File, Format Version 12.00
# Visual Studio Version 16
VisualStudioVersion = 16.0.30011.22
MinimumVisualStudioVersion = 10.0.40219.1
Project("{9A19103F-16F7-4668-BE54-9A1E7A4F7556}") = "console-hello-world", "console-hello-world\console-hello-world.csproj", "{3167DD22-95C8-45B7-A2C0-0B8C236BFA04}"
EndProject
Project("{9A19103F-16F7-4668-BE54-9A1E7A4F7556}") = "NewTypes", "console-news-types\src\NewTypes\NewTypes.csproj", "{CC15EBFB-13BE-45B7-9B84-83102F60A5C1}"
EndProject
Project("{9A19103F-16F7-4668-BE54-9A1E7A4F7556}") = "NewTypesTests", "console-news-types\test\NewTypesTests\NewTypesTests.csproj", "{3321F19E-56FE-4A23-8697-020A1BB452E9}"
EndProject
Project("{9A19103F-16F7-4668-BE54-9A1E7A4F7556}") = "OvOv.Qiniu.Web", "aspnetcore-qiniu\OvOv.Qiniu.Web\OvOv.Qiniu.Web.csproj", "{0B26CC2F-4B61-4C60-9EAE-75664776C88D}"
EndProject
Project("{2150E333-8FDC-42A3-9474-1A3956D46DE8}") = "log", "log", "{FCD77338-8253-4AEF-BF34-9223E940F6EF}"
EndProject
Project("{2150E333-8FDC-42A3-9474-1A3956D46DE8}") = "redis", "redis", "{3F9BC92D-8EA5-4BCB-B3D5-EA8B489D3A23}"
EndProject
Project("{2150E333-8FDC-42A3-9474-1A3956D46DE8}") = "db", "db", "{924ED1C1-113F-4107-84B1-49CD0D1D5355}"
EndProject
Project("{2150E333-8FDC-42A3-9474-1A3956D46DE8}") = "oatuh2", "oatuh2", "{F1026BD6-774B-4D17-9FAD-226C2C011693}"
EndProject
Project("{2150E333-8FDC-42A3-9474-1A3956D46DE8}") = "imcore", "imcore", "{B65E8E31-7D0B-41F2-B8CA-68C52ED5AEAB}"
EndProject
Project("{2150E333-8FDC-42A3-9474-1A3956D46DE8}") = "Identityserver4", "Identityserver4", "{921E5C8F-2E97-478D-8753-B4AA7316EE35}"
EndProject
Project("{9A19103F-16F7-4668-BE54-9A1E7A4F7556}") = "OvOv.ImCore.Chat", "aspnetcore-im\OvOv.ImCore.Chat\OvOv.ImCore.Chat.csproj", "{F896D7D6-EEEF-47FE-9469-E804B3320131}"
EndProject
Project("{9A19103F-16F7-4668-BE54-9A1E7A4F7556}") = "OvOv.ImCore.Server", "aspnetcore-im\OvOv.ImCore.Server\OvOv.ImCore.Server.csproj", "{31BFE505-6CE8-43A2-BB18-EAE73F7E2BF0}"
EndProject
Project("{9A19103F-16F7-4668-BE54-9A1E7A4F7556}") = "OvOv.Serilog", "aspnetcore-log\Serilog\OvOv.Serilog.csproj", "{CCBA554A-C4FD-46AD-BA6B-429B570D0676}"
EndProject
Project("{9A19103F-16F7-4668-BE54-9A1E7A4F7556}") = "IdentityServer4.Service", "aspnetcore-identityserver4\IdentityServer4\IdentityServer4.Service.csproj", "{35EF6CDD-1996-4BD8-BA33-E940E4030FFE}"
EndProject
Project("{9A19103F-16F7-4668-BE54-9A1E7A4F7556}") = "ApiService", "aspnetcore-identityserver4\ApiService\ApiService.csproj", "{0F27A4DA-CA77-4D58-9046-96A0AD0FEA53}"
EndProject
Project("{9A19103F-16F7-4668-BE54-9A1E7A4F7556}") = "OvOv.Nlog", "aspnetcore-log\Nlog\OvOv.Nlog.csproj", "{04AA0FE0-3E63-4180-90C6-42BEAFD1C468}"
EndProject
Project("{2150E333-8FDC-42A3-9474-1A3956D46DE8}") = "freesql", "freesql", "{C05908CB-625D-4FA0-932E-F39C327EF99A}"
EndProject
Project("{9A19103F-16F7-4668-BE54-9A1E7A4F7556}") = "OvOv.Core", "aspnetcore-freesql\OvOv.Core\OvOv.Core.csproj", "{9187498C-295B-42BD-B6CA-F0B1614A5134}"
EndProject
Project("{9A19103F-16F7-4668-BE54-9A1E7A4F7556}") = "OvOv.FreeSql", "aspnetcore-freesql\OvOv.FreeSql\OvOv.FreeSql.csproj", "{044A47A4-4C33-4397-9474-E71DCD22DA5C}"
EndProject
Project("{9A19103F-16F7-4668-BE54-9A1E7A4F7556}") = "OvOv.FreeSql.Repository", "aspnetcore-freesql\OvOv.FreeSql.Repository\OvOv.FreeSql.Repository.csproj", "{68CA5245-BFE5-4E20-B479-49A3D0024814}"
EndProject
Project("{9A19103F-16F7-4668-BE54-9A1E7A4F7556}") = "OvOv.AspNetCore.OAuth2.MVC", "aspnetcore-oatuth2\OvOv.AspNetCore.OAuth2.MVC\OvOv.AspNetCore.OAuth2.MVC.csproj", "{A4F1F5A4-7534-4ADE-84D4-C10ABC789E53}"
EndProject
Project("{9A19103F-16F7-4668-BE54-9A1E7A4F7556}") = "OvOv.AspNetCore.OAuth2.WebAPI", "aspnetcore-oatuth2\OvOv.AspNetCore.OAuth2.WebAPI\OvOv.AspNetCore.OAuth2.WebAPI.csproj", "{4C2ABDDB-DC3F-4174-B62D-E75464F2DD82}"
EndProject
Project("{9A19103F-16F7-4668-BE54-9A1E7A4F7556}") = "OvOv.CsRedis", "dotnetcore-redis\OvOv.CsRedis\OvOv.CsRedis.csproj", "{B6298EF4-06D1-4F36-847D-C1844B20E61B}"
EndProject
Project("{9A19103F-16F7-4668-BE54-9A1E7A4F7556}") = "OvOv.CsRedis.ConsoleDemo", "dotnetcore-redis\OvOv.CsRedis.Console\OvOv.CsRedis.ConsoleDemo.csproj", "{12A15EC2-B1D5-4CD2-BDA7-04947F416798}"
EndProject
Project("{9A19103F-16F7-4668-BE54-9A1E7A4F7556}") = "OvOv.StackExchange.Redis", "dotnetcore-redis\OvOv.StackExchange.Redis\OvOv.StackExchange.Redis.csproj", "{BBDB725D-15B3-479E-BF81-15AD56623E28}"
EndProject
Project("{2150E333-8FDC-42A3-9474-1A3956D46DE8}") = "http", "http", "{77F2B469-62E3-493D-A8D9-4A94A94D02C0}"
EndProject
Project("{9A19103F-16F7-4668-BE54-9A1E7A4F7556}") = "WeChat.Mp", "dotnetcore-webapiclient\WeChat\WeChat.Mp\WeChat.Mp.csproj", "{536E8F97-761F-4DD4-9844-C61B67A3A465}"
EndProject
Project("{9A19103F-16F7-4668-BE54-9A1E7A4F7556}") = "OvOv.AutoFac", "aspnetcore-aop\OvOv.AutoFac\OvOv.AutoFac.csproj", "{2779756D-1405-4722-8860-2A93606DF5DC}"
EndProject
Project("{9A19103F-16F7-4668-BE54-9A1E7A4F7556}") = "OvOv.Db", "aspnetcore-db\OvOv.DataBase\OvOv.Db.csproj", "{1F58B457-60F2-400E-BE17-F8D04BB4FF11}"
EndProject
Project("{9A19103F-16F7-4668-BE54-9A1E7A4F7556}") = "OvOv.Db.Test", "aspnetcore-db\OvOv.Db.Test\OvOv.Db.Test.csproj", "{C8DDB216-899C-4B71-BF4F-47E61242F6EB}"
EndProject
Project("{9A19103F-16F7-4668-BE54-9A1E7A4F7556}") = "OvOv.FreeSql.AutoFac.DynamicProxy", "aspnetcore-freesql\OvOv.FreeSql.AutoFac.DynamicProxy\OvOv.FreeSql.AutoFac.DynamicProxy.csproj", "{EBF8F6C0-0EFA-4F0C-8C23-5DA2534C0BF7}"
EndProject
Global
	GlobalSection(SolutionConfigurationPlatforms) = preSolution
		Debug|Any CPU = Debug|Any CPU
		Release|Any CPU = Release|Any CPU
	EndGlobalSection
	GlobalSection(ProjectConfigurationPlatforms) = postSolution
		{3167DD22-95C8-45B7-A2C0-0B8C236BFA04}.Debug|Any CPU.ActiveCfg = Debug|Any CPU
		{3167DD22-95C8-45B7-A2C0-0B8C236BFA04}.Debug|Any CPU.Build.0 = Debug|Any CPU
		{3167DD22-95C8-45B7-A2C0-0B8C236BFA04}.Release|Any CPU.ActiveCfg = Release|Any CPU
		{3167DD22-95C8-45B7-A2C0-0B8C236BFA04}.Release|Any CPU.Build.0 = Release|Any CPU
		{CC15EBFB-13BE-45B7-9B84-83102F60A5C1}.Debug|Any CPU.ActiveCfg = Debug|Any CPU
		{CC15EBFB-13BE-45B7-9B84-83102F60A5C1}.Debug|Any CPU.Build.0 = Debug|Any CPU
		{CC15EBFB-13BE-45B7-9B84-83102F60A5C1}.Release|Any CPU.ActiveCfg = Release|Any CPU
		{CC15EBFB-13BE-45B7-9B84-83102F60A5C1}.Release|Any CPU.Build.0 = Release|Any CPU
		{3321F19E-56FE-4A23-8697-020A1BB452E9}.Debug|Any CPU.ActiveCfg = Debug|Any CPU
		{3321F19E-56FE-4A23-8697-020A1BB452E9}.Debug|Any CPU.Build.0 = Debug|Any CPU
		{3321F19E-56FE-4A23-8697-020A1BB452E9}.Release|Any CPU.ActiveCfg = Release|Any CPU
		{3321F19E-56FE-4A23-8697-020A1BB452E9}.Release|Any CPU.Build.0 = Release|Any CPU
		{0B26CC2F-4B61-4C60-9EAE-75664776C88D}.Debug|Any CPU.ActiveCfg = Debug|Any CPU
		{0B26CC2F-4B61-4C60-9EAE-75664776C88D}.Debug|Any CPU.Build.0 = Debug|Any CPU
		{0B26CC2F-4B61-4C60-9EAE-75664776C88D}.Release|Any CPU.ActiveCfg = Release|Any CPU
		{0B26CC2F-4B61-4C60-9EAE-75664776C88D}.Release|Any CPU.Build.0 = Release|Any CPU
		{F896D7D6-EEEF-47FE-9469-E804B3320131}.Debug|Any CPU.ActiveCfg = Debug|Any CPU
		{F896D7D6-EEEF-47FE-9469-E804B3320131}.Debug|Any CPU.Build.0 = Debug|Any CPU
		{F896D7D6-EEEF-47FE-9469-E804B3320131}.Release|Any CPU.ActiveCfg = Release|Any CPU
		{F896D7D6-EEEF-47FE-9469-E804B3320131}.Release|Any CPU.Build.0 = Release|Any CPU
		{31BFE505-6CE8-43A2-BB18-EAE73F7E2BF0}.Debug|Any CPU.ActiveCfg = Debug|Any CPU
		{31BFE505-6CE8-43A2-BB18-EAE73F7E2BF0}.Debug|Any CPU.Build.0 = Debug|Any CPU
		{31BFE505-6CE8-43A2-BB18-EAE73F7E2BF0}.Release|Any CPU.ActiveCfg = Release|Any CPU
		{31BFE505-6CE8-43A2-BB18-EAE73F7E2BF0}.Release|Any CPU.Build.0 = Release|Any CPU
		{CCBA554A-C4FD-46AD-BA6B-429B570D0676}.Debug|Any CPU.ActiveCfg = Debug|Any CPU
		{CCBA554A-C4FD-46AD-BA6B-429B570D0676}.Debug|Any CPU.Build.0 = Debug|Any CPU
		{CCBA554A-C4FD-46AD-BA6B-429B570D0676}.Release|Any CPU.ActiveCfg = Release|Any CPU
		{CCBA554A-C4FD-46AD-BA6B-429B570D0676}.Release|Any CPU.Build.0 = Release|Any CPU
		{35EF6CDD-1996-4BD8-BA33-E940E4030FFE}.Debug|Any CPU.ActiveCfg = Debug|Any CPU
		{35EF6CDD-1996-4BD8-BA33-E940E4030FFE}.Debug|Any CPU.Build.0 = Debug|Any CPU
		{35EF6CDD-1996-4BD8-BA33-E940E4030FFE}.Release|Any CPU.ActiveCfg = Release|Any CPU
		{35EF6CDD-1996-4BD8-BA33-E940E4030FFE}.Release|Any CPU.Build.0 = Release|Any CPU
		{0F27A4DA-CA77-4D58-9046-96A0AD0FEA53}.Debug|Any CPU.ActiveCfg = Debug|Any CPU
		{0F27A4DA-CA77-4D58-9046-96A0AD0FEA53}.Debug|Any CPU.Build.0 = Debug|Any CPU
		{0F27A4DA-CA77-4D58-9046-96A0AD0FEA53}.Release|Any CPU.ActiveCfg = Release|Any CPU
		{0F27A4DA-CA77-4D58-9046-96A0AD0FEA53}.Release|Any CPU.Build.0 = Release|Any CPU
		{04AA0FE0-3E63-4180-90C6-42BEAFD1C468}.Debug|Any CPU.ActiveCfg = Debug|Any CPU
		{04AA0FE0-3E63-4180-90C6-42BEAFD1C468}.Debug|Any CPU.Build.0 = Debug|Any CPU
		{04AA0FE0-3E63-4180-90C6-42BEAFD1C468}.Release|Any CPU.ActiveCfg = Release|Any CPU
		{04AA0FE0-3E63-4180-90C6-42BEAFD1C468}.Release|Any CPU.Build.0 = Release|Any CPU
		{9187498C-295B-42BD-B6CA-F0B1614A5134}.Debug|Any CPU.ActiveCfg = Debug|Any CPU
		{9187498C-295B-42BD-B6CA-F0B1614A5134}.Debug|Any CPU.Build.0 = Debug|Any CPU
		{9187498C-295B-42BD-B6CA-F0B1614A5134}.Release|Any CPU.ActiveCfg = Release|Any CPU
		{9187498C-295B-42BD-B6CA-F0B1614A5134}.Release|Any CPU.Build.0 = Release|Any CPU
		{044A47A4-4C33-4397-9474-E71DCD22DA5C}.Debug|Any CPU.ActiveCfg = Debug|Any CPU
		{044A47A4-4C33-4397-9474-E71DCD22DA5C}.Debug|Any CPU.Build.0 = Debug|Any CPU
		{044A47A4-4C33-4397-9474-E71DCD22DA5C}.Release|Any CPU.ActiveCfg = Release|Any CPU
		{044A47A4-4C33-4397-9474-E71DCD22DA5C}.Release|Any CPU.Build.0 = Release|Any CPU
		{68CA5245-BFE5-4E20-B479-49A3D0024814}.Debug|Any CPU.ActiveCfg = Debug|Any CPU
		{68CA5245-BFE5-4E20-B479-49A3D0024814}.Debug|Any CPU.Build.0 = Debug|Any CPU
		{68CA5245-BFE5-4E20-B479-49A3D0024814}.Release|Any CPU.ActiveCfg = Release|Any CPU
		{68CA5245-BFE5-4E20-B479-49A3D0024814}.Release|Any CPU.Build.0 = Release|Any CPU
		{A4F1F5A4-7534-4ADE-84D4-C10ABC789E53}.Debug|Any CPU.ActiveCfg = Debug|Any CPU
		{A4F1F5A4-7534-4ADE-84D4-C10ABC789E53}.Debug|Any CPU.Build.0 = Debug|Any CPU
		{A4F1F5A4-7534-4ADE-84D4-C10ABC789E53}.Release|Any CPU.ActiveCfg = Release|Any CPU
		{A4F1F5A4-7534-4ADE-84D4-C10ABC789E53}.Release|Any CPU.Build.0 = Release|Any CPU
		{4C2ABDDB-DC3F-4174-B62D-E75464F2DD82}.Debug|Any CPU.ActiveCfg = Debug|Any CPU
		{4C2ABDDB-DC3F-4174-B62D-E75464F2DD82}.Debug|Any CPU.Build.0 = Debug|Any CPU
		{4C2ABDDB-DC3F-4174-B62D-E75464F2DD82}.Release|Any CPU.ActiveCfg = Release|Any CPU
		{4C2ABDDB-DC3F-4174-B62D-E75464F2DD82}.Release|Any CPU.Build.0 = Release|Any CPU
		{B6298EF4-06D1-4F36-847D-C1844B20E61B}.Debug|Any CPU.ActiveCfg = Debug|Any CPU
		{B6298EF4-06D1-4F36-847D-C1844B20E61B}.Debug|Any CPU.Build.0 = Debug|Any CPU
		{B6298EF4-06D1-4F36-847D-C1844B20E61B}.Release|Any CPU.ActiveCfg = Release|Any CPU
		{B6298EF4-06D1-4F36-847D-C1844B20E61B}.Release|Any CPU.Build.0 = Release|Any CPU
		{12A15EC2-B1D5-4CD2-BDA7-04947F416798}.Debug|Any CPU.ActiveCfg = Debug|Any CPU
		{12A15EC2-B1D5-4CD2-BDA7-04947F416798}.Debug|Any CPU.Build.0 = Debug|Any CPU
		{12A15EC2-B1D5-4CD2-BDA7-04947F416798}.Release|Any CPU.ActiveCfg = Release|Any CPU
		{12A15EC2-B1D5-4CD2-BDA7-04947F416798}.Release|Any CPU.Build.0 = Release|Any CPU
		{BBDB725D-15B3-479E-BF81-15AD56623E28}.Debug|Any CPU.ActiveCfg = Debug|Any CPU
		{BBDB725D-15B3-479E-BF81-15AD56623E28}.Debug|Any CPU.Build.0 = Debug|Any CPU
		{BBDB725D-15B3-479E-BF81-15AD56623E28}.Release|Any CPU.ActiveCfg = Release|Any CPU
		{BBDB725D-15B3-479E-BF81-15AD56623E28}.Release|Any CPU.Build.0 = Release|Any CPU
		{536E8F97-761F-4DD4-9844-C61B67A3A465}.Debug|Any CPU.ActiveCfg = Debug|Any CPU
		{536E8F97-761F-4DD4-9844-C61B67A3A465}.Debug|Any CPU.Build.0 = Debug|Any CPU
		{536E8F97-761F-4DD4-9844-C61B67A3A465}.Release|Any CPU.ActiveCfg = Release|Any CPU
		{536E8F97-761F-4DD4-9844-C61B67A3A465}.Release|Any CPU.Build.0 = Release|Any CPU
		{2779756D-1405-4722-8860-2A93606DF5DC}.Debug|Any CPU.ActiveCfg = Debug|Any CPU
		{2779756D-1405-4722-8860-2A93606DF5DC}.Debug|Any CPU.Build.0 = Debug|Any CPU
		{2779756D-1405-4722-8860-2A93606DF5DC}.Release|Any CPU.ActiveCfg = Release|Any CPU
		{2779756D-1405-4722-8860-2A93606DF5DC}.Release|Any CPU.Build.0 = Release|Any CPU
		{1F58B457-60F2-400E-BE17-F8D04BB4FF11}.Debug|Any CPU.ActiveCfg = Debug|Any CPU
		{1F58B457-60F2-400E-BE17-F8D04BB4FF11}.Debug|Any CPU.Build.0 = Debug|Any CPU
		{1F58B457-60F2-400E-BE17-F8D04BB4FF11}.Release|Any CPU.ActiveCfg = Release|Any CPU
		{1F58B457-60F2-400E-BE17-F8D04BB4FF11}.Release|Any CPU.Build.0 = Release|Any CPU
		{C8DDB216-899C-4B71-BF4F-47E61242F6EB}.Debug|Any CPU.ActiveCfg = Debug|Any CPU
		{C8DDB216-899C-4B71-BF4F-47E61242F6EB}.Debug|Any CPU.Build.0 = Debug|Any CPU
		{C8DDB216-899C-4B71-BF4F-47E61242F6EB}.Release|Any CPU.ActiveCfg = Release|Any CPU
		{C8DDB216-899C-4B71-BF4F-47E61242F6EB}.Release|Any CPU.Build.0 = Release|Any CPU
		{EBF8F6C0-0EFA-4F0C-8C23-5DA2534C0BF7}.Debug|Any CPU.ActiveCfg = Debug|Any CPU
		{EBF8F6C0-0EFA-4F0C-8C23-5DA2534C0BF7}.Debug|Any CPU.Build.0 = Debug|Any CPU
		{EBF8F6C0-0EFA-4F0C-8C23-5DA2534C0BF7}.Release|Any CPU.ActiveCfg = Release|Any CPU
		{EBF8F6C0-0EFA-4F0C-8C23-5DA2534C0BF7}.Release|Any CPU.Build.0 = Release|Any CPU
	EndGlobalSection
	GlobalSection(SolutionProperties) = preSolution
		HideSolutionNode = FALSE
	EndGlobalSection
	GlobalSection(NestedProjects) = preSolution
		{F896D7D6-EEEF-47FE-9469-E804B3320131} = {B65E8E31-7D0B-41F2-B8CA-68C52ED5AEAB}
		{31BFE505-6CE8-43A2-BB18-EAE73F7E2BF0} = {B65E8E31-7D0B-41F2-B8CA-68C52ED5AEAB}
		{CCBA554A-C4FD-46AD-BA6B-429B570D0676} = {FCD77338-8253-4AEF-BF34-9223E940F6EF}
		{35EF6CDD-1996-4BD8-BA33-E940E4030FFE} = {921E5C8F-2E97-478D-8753-B4AA7316EE35}
		{0F27A4DA-CA77-4D58-9046-96A0AD0FEA53} = {921E5C8F-2E97-478D-8753-B4AA7316EE35}
		{04AA0FE0-3E63-4180-90C6-42BEAFD1C468} = {FCD77338-8253-4AEF-BF34-9223E940F6EF}
		{9187498C-295B-42BD-B6CA-F0B1614A5134} = {C05908CB-625D-4FA0-932E-F39C327EF99A}
		{044A47A4-4C33-4397-9474-E71DCD22DA5C} = {C05908CB-625D-4FA0-932E-F39C327EF99A}
		{68CA5245-BFE5-4E20-B479-49A3D0024814} = {C05908CB-625D-4FA0-932E-F39C327EF99A}
		{A4F1F5A4-7534-4ADE-84D4-C10ABC789E53} = {F1026BD6-774B-4D17-9FAD-226C2C011693}
		{4C2ABDDB-DC3F-4174-B62D-E75464F2DD82} = {F1026BD6-774B-4D17-9FAD-226C2C011693}
		{B6298EF4-06D1-4F36-847D-C1844B20E61B} = {3F9BC92D-8EA5-4BCB-B3D5-EA8B489D3A23}
		{12A15EC2-B1D5-4CD2-BDA7-04947F416798} = {3F9BC92D-8EA5-4BCB-B3D5-EA8B489D3A23}
		{BBDB725D-15B3-479E-BF81-15AD56623E28} = {3F9BC92D-8EA5-4BCB-B3D5-EA8B489D3A23}
		{536E8F97-761F-4DD4-9844-C61B67A3A465} = {77F2B469-62E3-493D-A8D9-4A94A94D02C0}
		{1F58B457-60F2-400E-BE17-F8D04BB4FF11} = {924ED1C1-113F-4107-84B1-49CD0D1D5355}
		{C8DDB216-899C-4B71-BF4F-47E61242F6EB} = {924ED1C1-113F-4107-84B1-49CD0D1D5355}
		{EBF8F6C0-0EFA-4F0C-8C23-5DA2534C0BF7} = {C05908CB-625D-4FA0-932E-F39C327EF99A}
	EndGlobalSection
	GlobalSection(ExtensibilityGlobals) = postSolution
		SolutionGuid = {62D85ADF-77BA-45B1-B2B9-0AEAA2A7769B}
	EndGlobalSection
EndGlobal
