
Microsoft Visual Studio Solution File, Format Version 12.00
# Visual Studio Version 17
VisualStudioVersion = 17.2.32526.322
MinimumVisualStudioVersion = 10.0.40219.1
Project("{2150E333-8FDC-42A3-9474-1A3956D46DE8}") = "Qiniu", "Qiniu", "{CDFAA1C0-6434-489D-A37D-F20059195DA9}"
EndProject
Project("{2150E333-8FDC-42A3-9474-1A3956D46DE8}") = "StopWords", "StopWords", "{8659BF7C-F08B-49F3-A469-E9B09837E754}"
EndProject
Project("{9A19103F-16F7-4668-BE54-9A1E7A4F7556}") = "OvOv.StopWords", "OvOv.StopWords\OvOv.StopWords.csproj", "{3B51CC17-65AE-4BD9-9444-F8E5778B5CD5}"
EndProject
Project("{2150E333-8FDC-42A3-9474-1A3956D46DE8}") = "NET6", "NET6", "{25FAA78C-C659-49EC-948E-6494025F27C2}"
EndProject
Project("{9A19103F-16F7-4668-BE54-9A1E7A4F7556}") = "NET6Startup", "NET6\NET6Startup\NET6Startup.csproj", "{BE817F8A-8FA9-4139-8CBF-214A167FD443}"
EndProject
Project("{9A19103F-16F7-4668-BE54-9A1E7A4F7556}") = "NET6Extensions", "NET6\NET6Extensions\NET6Extensions.csproj", "{CE6D7788-9392-4C16-8C09-BE1923783BBE}"
EndProject
Project("{9A19103F-16F7-4668-BE54-9A1E7A4F7556}") = "OvOv.MQiniu.Core", "Qiniu\OvOv.MQiniu.Core\OvOv.MQiniu.Core.csproj", "{8D80B734-E7A5-4FC7-B82C-DD8EFDCE8A30}"
EndProject
Project("{9A19103F-16F7-4668-BE54-9A1E7A4F7556}") = "QiniuDownload", "Qiniu\QiniuDownload\QiniuDownload.csproj", "{35F5DDB5-796F-42CF-AFD1-8535B935B57C}"
EndProject
Global
	GlobalSection(SolutionConfigurationPlatforms) = preSolution
		Debug|Any CPU = Debug|Any CPU
		Release|Any CPU = Release|Any CPU
	EndGlobalSection
	GlobalSection(ProjectConfigurationPlatforms) = postSolution
		{3B51CC17-65AE-4BD9-9444-F8E5778B5CD5}.Debug|Any CPU.ActiveCfg = Debug|Any CPU
		{3B51CC17-65AE-4BD9-9444-F8E5778B5CD5}.Debug|Any CPU.Build.0 = Debug|Any CPU
		{3B51CC17-65AE-4BD9-9444-F8E5778B5CD5}.Release|Any CPU.ActiveCfg = Release|Any CPU
		{3B51CC17-65AE-4BD9-9444-F8E5778B5CD5}.Release|Any CPU.Build.0 = Release|Any CPU
		{BE817F8A-8FA9-4139-8CBF-214A167FD443}.Debug|Any CPU.ActiveCfg = Debug|Any CPU
		{BE817F8A-8FA9-4139-8CBF-214A167FD443}.Debug|Any CPU.Build.0 = Debug|Any CPU
		{BE817F8A-8FA9-4139-8CBF-214A167FD443}.Release|Any CPU.ActiveCfg = Release|Any CPU
		{BE817F8A-8FA9-4139-8CBF-214A167FD443}.Release|Any CPU.Build.0 = Release|Any CPU
		{CE6D7788-9392-4C16-8C09-BE1923783BBE}.Debug|Any CPU.ActiveCfg = Debug|Any CPU
		{CE6D7788-9392-4C16-8C09-BE1923783BBE}.Debug|Any CPU.Build.0 = Debug|Any CPU
		{CE6D7788-9392-4C16-8C09-BE1923783BBE}.Release|Any CPU.ActiveCfg = Release|Any CPU
		{CE6D7788-9392-4C16-8C09-BE1923783BBE}.Release|Any CPU.Build.0 = Release|Any CPU
		{8D80B734-E7A5-4FC7-B82C-DD8EFDCE8A30}.Debug|Any CPU.ActiveCfg = Debug|Any CPU
		{8D80B734-E7A5-4FC7-B82C-DD8EFDCE8A30}.Debug|Any CPU.Build.0 = Debug|Any CPU
		{8D80B734-E7A5-4FC7-B82C-DD8EFDCE8A30}.Release|Any CPU.ActiveCfg = Release|Any CPU
		{8D80B734-E7A5-4FC7-B82C-DD8EFDCE8A30}.Release|Any CPU.Build.0 = Release|Any CPU
		{35F5DDB5-796F-42CF-AFD1-8535B935B57C}.Debug|Any CPU.ActiveCfg = Debug|Any CPU
		{35F5DDB5-796F-42CF-AFD1-8535B935B57C}.Debug|Any CPU.Build.0 = Debug|Any CPU
		{35F5DDB5-796F-42CF-AFD1-8535B935B57C}.Release|Any CPU.ActiveCfg = Release|Any CPU
		{35F5DDB5-796F-42CF-AFD1-8535B935B57C}.Release|Any CPU.Build.0 = Release|Any CPU
	EndGlobalSection
	GlobalSection(SolutionProperties) = preSolution
		HideSolutionNode = FALSE
	EndGlobalSection
	GlobalSection(NestedProjects) = preSolution
		{3B51CC17-65AE-4BD9-9444-F8E5778B5CD5} = {8659BF7C-F08B-49F3-A469-E9B09837E754}
		{BE817F8A-8FA9-4139-8CBF-214A167FD443} = {25FAA78C-C659-49EC-948E-6494025F27C2}
		{CE6D7788-9392-4C16-8C09-BE1923783BBE} = {25FAA78C-C659-49EC-948E-6494025F27C2}
		{8D80B734-E7A5-4FC7-B82C-DD8EFDCE8A30} = {CDFAA1C0-6434-489D-A37D-F20059195DA9}
		{35F5DDB5-796F-42CF-AFD1-8535B935B57C} = {CDFAA1C0-6434-489D-A37D-F20059195DA9}
	EndGlobalSection
	GlobalSection(ExtensibilityGlobals) = postSolution
		SolutionGuid = {91E75BA6-1435-423D-BFD4-B99487F4FB47}
	EndGlobalSection
EndGlobal
