
Microsoft Visual Studio Solution File, Format Version 12.00
# Visual Studio Version 16
VisualStudioVersion = 16.0.29020.237
MinimumVisualStudioVersion = 15.0.26124.0
Project("{9A19103F-16F7-4668-BE54-9A1E7A4F7556}") = "RESTful.FreeSql", "RESTful.FreeSql\RESTful.FreeSql.csproj", "{4FFA968E-548E-4E83-957F-E49D9C0EBF78}"
EndProject
Project("{9A19103F-16F7-4668-BE54-9A1E7A4F7556}") = "RESTful.FreeSql.Repository", "RESTful.FreeSql.Repository\RESTful.FreeSql.Repository.csproj", "{86A7E311-0E3A-4CC7-9D06-7225DD22BA0F}"
EndProject
Project("{9A19103F-16F7-4668-BE54-9A1E7A4F7556}") = "RESTful.Web.Core", "RESTful.Web.Core\RESTful.Web.Core.csproj", "{090053B1-140B-4358-8B26-2A7FF8500F8B}"
EndProject
Global
	GlobalSection(SolutionConfigurationPlatforms) = preSolution
		Debug|Any CPU = Debug|Any CPU
		Release|Any CPU = Release|Any CPU
	EndGlobalSection
	GlobalSection(ProjectConfigurationPlatforms) = postSolution
		{4FFA968E-548E-4E83-957F-E49D9C0EBF78}.Debug|Any CPU.ActiveCfg = Debug|Any CPU
		{4FFA968E-548E-4E83-957F-E49D9C0EBF78}.Debug|Any CPU.Build.0 = Debug|Any CPU
		{4FFA968E-548E-4E83-957F-E49D9C0EBF78}.Release|Any CPU.ActiveCfg = Release|Any CPU
		{4FFA968E-548E-4E83-957F-E49D9C0EBF78}.Release|Any CPU.Build.0 = Release|Any CPU
		{86A7E311-0E3A-4CC7-9D06-7225DD22BA0F}.Debug|Any CPU.ActiveCfg = Debug|Any CPU
		{86A7E311-0E3A-4CC7-9D06-7225DD22BA0F}.Debug|Any CPU.Build.0 = Debug|Any CPU
		{86A7E311-0E3A-4CC7-9D06-7225DD22BA0F}.Release|Any CPU.ActiveCfg = Release|Any CPU
		{86A7E311-0E3A-4CC7-9D06-7225DD22BA0F}.Release|Any CPU.Build.0 = Release|Any CPU
		{090053B1-140B-4358-8B26-2A7FF8500F8B}.Debug|Any CPU.ActiveCfg = Debug|Any CPU
		{090053B1-140B-4358-8B26-2A7FF8500F8B}.Debug|Any CPU.Build.0 = Debug|Any CPU
		{090053B1-140B-4358-8B26-2A7FF8500F8B}.Release|Any CPU.ActiveCfg = Release|Any CPU
		{090053B1-140B-4358-8B26-2A7FF8500F8B}.Release|Any CPU.Build.0 = Release|Any CPU
	EndGlobalSection
	GlobalSection(SolutionProperties) = preSolution
		HideSolutionNode = FALSE
	EndGlobalSection
	GlobalSection(ExtensibilityGlobals) = postSolution
		SolutionGuid = {FD843A1E-2A9E-4997-BC1A-409B3FB4E360}
	EndGlobalSection
EndGlobal
