
Microsoft Visual Studio Solution File, Format Version 12.00
# Visual Studio Version 16
VisualStudioVersion = 16.0.30626.31
MinimumVisualStudioVersion = 10.0.40219.1
Project("{9A19103F-16F7-4668-BE54-9A1E7A4F7556}") = "Navigation", "Navigation\Navigation.csproj", "{A6814529-F443-4BF1-A2EF-56CA87F23922}"
EndProject
Project("{FAE04EC0-301F-11D3-BF4B-00C04F79EFBC}") = "Navigation.Test", "Navigation.Test\Navigation.Test.csproj", "{C316311F-6B50-4D2A-A643-A0543E3B4349}"
EndProject
Global
	GlobalSection(SolutionConfigurationPlatforms) = preSolution
		Debug|Any CPU = Debug|Any CPU
		Release|Any CPU = Release|Any CPU
	EndGlobalSection
	GlobalSection(ProjectConfigurationPlatforms) = postSolution
		{A6814529-F443-4BF1-A2EF-56CA87F23922}.Debug|Any CPU.ActiveCfg = Debug|Any CPU
		{A6814529-F443-4BF1-A2EF-56CA87F23922}.Debug|Any CPU.Build.0 = Debug|Any CPU
		{A6814529-F443-4BF1-A2EF-56CA87F23922}.Release|Any CPU.ActiveCfg = Release|Any CPU
		{A6814529-F443-4BF1-A2EF-56CA87F23922}.Release|Any CPU.Build.0 = Release|Any CPU
		{C316311F-6B50-4D2A-A643-A0543E3B4349}.Debug|Any CPU.ActiveCfg = Debug|Any CPU
		{C316311F-6B50-4D2A-A643-A0543E3B4349}.Debug|Any CPU.Build.0 = Debug|Any CPU
		{C316311F-6B50-4D2A-A643-A0543E3B4349}.Release|Any CPU.ActiveCfg = Release|Any CPU
		{C316311F-6B50-4D2A-A643-A0543E3B4349}.Release|Any CPU.Build.0 = Release|Any CPU
	EndGlobalSection
	GlobalSection(SolutionProperties) = preSolution
		HideSolutionNode = FALSE
	EndGlobalSection
	GlobalSection(ExtensibilityGlobals) = postSolution
		SolutionGuid = {476867E9-5F6E-4041-893D-5F9870E65939}
	EndGlobalSection
EndGlobal
