
Microsoft Visual Studio Solution File, Format Version 12.00
# Visual Studio Version 16
VisualStudioVersion = 16.0.30709.64
MinimumVisualStudioVersion = 10.0.40219.1
Project("{FAE04EC0-301F-11D3-BF4B-00C04F79EFBC}") = "VoVo.Email", "VoVo.Email\VoVo.Email.csproj", "{597B8DF7-6431-46B6-95AE-3D2622D6B27C}"
EndProject
Global
	GlobalSection(SolutionConfigurationPlatforms) = preSolution
		Debug|Any CPU = Debug|Any CPU
		Release|Any CPU = Release|Any CPU
	EndGlobalSection
	GlobalSection(ProjectConfigurationPlatforms) = postSolution
		{597B8DF7-6431-46B6-95AE-3D2622D6B27C}.Debug|Any CPU.ActiveCfg = Debug|Any CPU
		{597B8DF7-6431-46B6-95AE-3D2622D6B27C}.Debug|Any CPU.Build.0 = Debug|Any CPU
		{597B8DF7-6431-46B6-95AE-3D2622D6B27C}.Release|Any CPU.ActiveCfg = Release|Any CPU
		{597B8DF7-6431-46B6-95AE-3D2622D6B27C}.Release|Any CPU.Build.0 = Release|Any CPU
	EndGlobalSection
	GlobalSection(SolutionProperties) = preSolution
		HideSolutionNode = FALSE
	EndGlobalSection
	GlobalSection(ExtensibilityGlobals) = postSolution
		SolutionGuid = {B35F6B19-D810-447D-B8AC-28721654D52A}
	EndGlobalSection
EndGlobal
