
Microsoft Visual Studio Solution File, Format Version 12.00
# Visual Studio Version 17
VisualStudioVersion = 17.6.33417.168
MinimumVisualStudioVersion = 10.0.40219.1
Project("{9A19103F-16F7-4668-BE54-9A1E7A4F7556}") = "IdentityServer4.Service", "IdentityServer4\IdentityServer4.Service.csproj", "{2D7C36CA-9BE7-4A09-8D13-67D9FE67EE04}"
EndProject
Project("{9A19103F-16F7-4668-BE54-9A1E7A4F7556}") = "ApiService", "ApiService\ApiService.csproj", "{98E244AC-307A-4B2A-8AEE-FCC37561E435}"
EndProject
Project("{E53339B2-1760-4266-BCC7-CA923CBCF16C}") = "docker-compose", "docker-compose.dcproj", "{BA5AA909-9BF9-400B-B1D0-6DB3229D4888}"
EndProject
Global
	GlobalSection(SolutionConfigurationPlatforms) = preSolution
		Debug|Any CPU = Debug|Any CPU
		Release|Any CPU = Release|Any CPU
	EndGlobalSection
	GlobalSection(ProjectConfigurationPlatforms) = postSolution
		{2D7C36CA-9BE7-4A09-8D13-67D9FE67EE04}.Debug|Any CPU.ActiveCfg = Debug|Any CPU
		{2D7C36CA-9BE7-4A09-8D13-67D9FE67EE04}.Debug|Any CPU.Build.0 = Debug|Any CPU
		{2D7C36CA-9BE7-4A09-8D13-67D9FE67EE04}.Release|Any CPU.ActiveCfg = Release|Any CPU
		{2D7C36CA-9BE7-4A09-8D13-67D9FE67EE04}.Release|Any CPU.Build.0 = Release|Any CPU
		{98E244AC-307A-4B2A-8AEE-FCC37561E435}.Debug|Any CPU.ActiveCfg = Debug|Any CPU
		{98E244AC-307A-4B2A-8AEE-FCC37561E435}.Debug|Any CPU.Build.0 = Debug|Any CPU
		{98E244AC-307A-4B2A-8AEE-FCC37561E435}.Release|Any CPU.ActiveCfg = Release|Any CPU
		{98E244AC-307A-4B2A-8AEE-FCC37561E435}.Release|Any CPU.Build.0 = Release|Any CPU
		{BA5AA909-9BF9-400B-B1D0-6DB3229D4888}.Debug|Any CPU.ActiveCfg = Debug|Any CPU
		{BA5AA909-9BF9-400B-B1D0-6DB3229D4888}.Debug|Any CPU.Build.0 = Debug|Any CPU
		{BA5AA909-9BF9-400B-B1D0-6DB3229D4888}.Release|Any CPU.ActiveCfg = Release|Any CPU
		{BA5AA909-9BF9-400B-B1D0-6DB3229D4888}.Release|Any CPU.Build.0 = Release|Any CPU
	EndGlobalSection
	GlobalSection(SolutionProperties) = preSolution
		HideSolutionNode = FALSE
	EndGlobalSection
	GlobalSection(ExtensibilityGlobals) = postSolution
		SolutionGuid = {5B4CE797-D488-4C0D-9997-F60710CAAEB6}
	EndGlobalSection
EndGlobal
