
Microsoft Visual Studio Solution File, Format Version 12.00
# Visual Studio Version 16
VisualStudioVersion = 16.0.29123.88
MinimumVisualStudioVersion = 10.0.40219.1
Project("{FAE04EC0-301F-11D3-BF4B-00C04F79EFBC}") = "WeChat.Mp", "WeChat.Mp\WeChat.Mp.csproj", "{49603755-A507-4DD1-B1D4-DA3585E5B2F1}"
EndProject
Global
	GlobalSection(SolutionConfigurationPlatforms) = preSolution
		Debug|Any CPU = Debug|Any CPU
		Release|Any CPU = Release|Any CPU
	EndGlobalSection
	GlobalSection(ProjectConfigurationPlatforms) = postSolution
		{49603755-A507-4DD1-B1D4-DA3585E5B2F1}.Debug|Any CPU.ActiveCfg = Debug|Any CPU
		{49603755-A507-4DD1-B1D4-DA3585E5B2F1}.Debug|Any CPU.Build.0 = Debug|Any CPU
		{49603755-A507-4DD1-B1D4-DA3585E5B2F1}.Release|Any CPU.ActiveCfg = Release|Any CPU
		{49603755-A507-4DD1-B1D4-DA3585E5B2F1}.Release|Any CPU.Build.0 = Release|Any CPU
	EndGlobalSection
	GlobalSection(SolutionProperties) = preSolution
		HideSolutionNode = FALSE
	EndGlobalSection
	GlobalSection(ExtensibilityGlobals) = postSolution
		SolutionGuid = {DA93A749-2B3B-42C1-B988-4A2C2664BC72}
	EndGlobalSection
EndGlobal
