
Microsoft Visual Studio Solution File, Format Version 12.00
# Visual Studio Version 17
VisualStudioVersion = 17.0.32014.148
MinimumVisualStudioVersion = 10.0.40219.1
Project("{9A19103F-16F7-4668-BE54-9A1E7A4F7556}") = "OvOv.Db", "OvOv.DataBase\OvOv.Db.csproj", "{4F320D3F-0CF5-44CF-BB88-B43E1AEAC8AB}"
EndProject
Project("{9A19103F-16F7-4668-BE54-9A1E7A4F7556}") = "OvOv.Db.Test", "OvOv.Db.Test\OvOv.Db.Test.csproj", "{40089260-4183-4621-BDE5-F569DC2370B6}"
EndProject
Project("{FAE04EC0-301F-11D3-BF4B-00C04F79EFBC}") = "OvOv.SqliteMicrosoft", "OvOv.SqliteMicrosoft\OvOv.SqliteMicrosoft.csproj", "{1A932779-5C46-4459-9412-9B4C1BC43FBA}"
EndProject
Project("{FAE04EC0-301F-11D3-BF4B-00C04F79EFBC}") = "OvOv.SqliteMicrosoftCore", "OvOv.SqliteMicrosoftCore\OvOv.SqliteMicrosoftCore.csproj", "{7C931534-3CB3-4283-AC8A-283E19DA5C58}"
EndProject
Project("{FAE04EC0-301F-11D3-BF4B-00C04F79EFBC}") = "OvOv.SqliteSystemCore", "OvOv.SqliteSystemCore\OvOv.SqliteSystemCore.csproj", "{511FC34F-16C9-4506-8006-A7C5466FC2ED}"
EndProject
Global
	GlobalSection(SolutionConfigurationPlatforms) = preSolution
		Debug|Any CPU = Debug|Any CPU
		Release|Any CPU = Release|Any CPU
	EndGlobalSection
	GlobalSection(ProjectConfigurationPlatforms) = postSolution
		{4F320D3F-0CF5-44CF-BB88-B43E1AEAC8AB}.Debug|Any CPU.ActiveCfg = Debug|Any CPU
		{4F320D3F-0CF5-44CF-BB88-B43E1AEAC8AB}.Debug|Any CPU.Build.0 = Debug|Any CPU
		{4F320D3F-0CF5-44CF-BB88-B43E1AEAC8AB}.Release|Any CPU.ActiveCfg = Release|Any CPU
		{4F320D3F-0CF5-44CF-BB88-B43E1AEAC8AB}.Release|Any CPU.Build.0 = Release|Any CPU
		{40089260-4183-4621-BDE5-F569DC2370B6}.Debug|Any CPU.ActiveCfg = Debug|Any CPU
		{40089260-4183-4621-BDE5-F569DC2370B6}.Debug|Any CPU.Build.0 = Debug|Any CPU
		{40089260-4183-4621-BDE5-F569DC2370B6}.Release|Any CPU.ActiveCfg = Release|Any CPU
		{40089260-4183-4621-BDE5-F569DC2370B6}.Release|Any CPU.Build.0 = Release|Any CPU
		{1A932779-5C46-4459-9412-9B4C1BC43FBA}.Debug|Any CPU.ActiveCfg = Debug|Any CPU
		{1A932779-5C46-4459-9412-9B4C1BC43FBA}.Debug|Any CPU.Build.0 = Debug|Any CPU
		{1A932779-5C46-4459-9412-9B4C1BC43FBA}.Release|Any CPU.ActiveCfg = Release|Any CPU
		{1A932779-5C46-4459-9412-9B4C1BC43FBA}.Release|Any CPU.Build.0 = Release|Any CPU
		{7C931534-3CB3-4283-AC8A-283E19DA5C58}.Debug|Any CPU.ActiveCfg = Debug|Any CPU
		{7C931534-3CB3-4283-AC8A-283E19DA5C58}.Debug|Any CPU.Build.0 = Debug|Any CPU
		{7C931534-3CB3-4283-AC8A-283E19DA5C58}.Release|Any CPU.ActiveCfg = Release|Any CPU
		{7C931534-3CB3-4283-AC8A-283E19DA5C58}.Release|Any CPU.Build.0 = Release|Any CPU
		{511FC34F-16C9-4506-8006-A7C5466FC2ED}.Debug|Any CPU.ActiveCfg = Debug|Any CPU
		{511FC34F-16C9-4506-8006-A7C5466FC2ED}.Debug|Any CPU.Build.0 = Debug|Any CPU
		{511FC34F-16C9-4506-8006-A7C5466FC2ED}.Release|Any CPU.ActiveCfg = Release|Any CPU
		{511FC34F-16C9-4506-8006-A7C5466FC2ED}.Release|Any CPU.Build.0 = Release|Any CPU
	EndGlobalSection
	GlobalSection(SolutionProperties) = preSolution
		HideSolutionNode = FALSE
	EndGlobalSection
	GlobalSection(ExtensibilityGlobals) = postSolution
		SolutionGuid = {CF9C2C10-F29E-494F-9161-E46A419EA6A1}
	EndGlobalSection
EndGlobal
