
Microsoft Visual Studio Solution File, Format Version 12.00
# Visual Studio Version 16
VisualStudioVersion = 16.0.29020.237
MinimumVisualStudioVersion = 10.0.40219.1
Project("{FAE04EC0-301F-11D3-BF4B-00C04F79EFBC}") = "CsRedis.Example", "CsRedis.Example\CsRedis.Example.csproj", "{AD63161C-BDBC-498A-ADC7-75933AD5585A}"
EndProject
Project("{FAE04EC0-301F-11D3-BF4B-00C04F79EFBC}") = "StackExchange.Redis.Example", "StackExchange.Redis.Example\StackExchange.Redis.Example.csproj", "{F3D46AB4-6775-46B7-A11D-3B4C1831C70D}"
EndProject
Global
	GlobalSection(SolutionConfigurationPlatforms) = preSolution
		Debug|Any CPU = Debug|Any CPU
		Release|Any CPU = Release|Any CPU
	EndGlobalSection
	GlobalSection(ProjectConfigurationPlatforms) = postSolution
		{AD63161C-BDBC-498A-ADC7-75933AD5585A}.Debug|Any CPU.ActiveCfg = Debug|Any CPU
		{AD63161C-BDBC-498A-ADC7-75933AD5585A}.Debug|Any CPU.Build.0 = Debug|Any CPU
		{AD63161C-BDBC-498A-ADC7-75933AD5585A}.Release|Any CPU.ActiveCfg = Release|Any CPU
		{AD63161C-BDBC-498A-ADC7-75933AD5585A}.Release|Any CPU.Build.0 = Release|Any CPU
		{F3D46AB4-6775-46B7-A11D-3B4C1831C70D}.Debug|Any CPU.ActiveCfg = Debug|Any CPU
		{F3D46AB4-6775-46B7-A11D-3B4C1831C70D}.Debug|Any CPU.Build.0 = Debug|Any CPU
		{F3D46AB4-6775-46B7-A11D-3B4C1831C70D}.Release|Any CPU.ActiveCfg = Release|Any CPU
		{F3D46AB4-6775-46B7-A11D-3B4C1831C70D}.Release|Any CPU.Build.0 = Release|Any CPU
	EndGlobalSection
	GlobalSection(SolutionProperties) = preSolution
		HideSolutionNode = FALSE
	EndGlobalSection
	GlobalSection(ExtensibilityGlobals) = postSolution
		SolutionGuid = {4C44FFD2-D9B1-43B2-AE2F-743B1FE67469}
	EndGlobalSection
EndGlobal
